
Microsoft Visual Studio Solution File, Format Version 12.00
# Visual Studio Version 16
VisualStudioVersion = 16.0.30413.136
MinimumVisualStudioVersion = 10.0.40219.1
Project("{FAE04EC0-301F-11D3-BF4B-00C04F79EFBC}") = "1730zanderson2020ex1b", "1730zanderson2020ex1b\1730zanderson2020ex1b.csproj", "{4E7637BF-1FBE-4544-91B3-4640861FA8E8}"
EndProject
Project("{FAE04EC0-301F-11D3-BF4B-00C04F79EFBC}") = "zanderson1c", "zanderson1c\zanderson1c.csproj", "{AFEFE8D9-F9F2-499E-AF02-11EEC208A11A}"
EndProject
Project("{FAE04EC0-301F-11D3-BF4B-00C04F79EFBC}") = "1730zanderson1d", "1730zanderson1d\1730zanderson1d.csproj", "{7E0F0FF8-6558-45C4-A996-5DEA055FA6B6}"
EndProject
Project("{FAE04EC0-301F-11D3-BF4B-00C04F79EFBC}") = "1730zanderson2020ex1e", "1730zanderson2020ex1e\1730zanderson2020ex1e.csproj", "{4061C120-BD17-4930-B613-3E777E5461EE}"
EndProject
Project("{FAE04EC0-301F-11D3-BF4B-00C04F79EFBC}") = "1730zanderson1f", "1730zanderson1f\1730zanderson1f.csproj", "{8C4D36F5-4455-4A5D-9151-B43ADD060A4B}"
EndProject
Project("{FAE04EC0-301F-11D3-BF4B-00C04F79EFBC}") = "1730zanderson20201g", "1730zanderson20201g\1730zanderson20201g.csproj", "{76A4D442-12F8-48F0-8AA6-3B451E57254B}"
EndProject
Project("{FAE04EC0-301F-11D3-BF4B-00C04F79EFBC}") = "1730zanderson2b", "1730zanderson2b\1730zanderson2b.csproj", "{4EAECD49-064C-4272-9581-4EB5564B7897}"
EndProject
Project("{FAE04EC0-301F-11D3-BF4B-00C04F79EFBC}") = "1730zanderson2c", "1730zanderson2c\1730zanderson2c.csproj", "{043108A7-6F76-4626-A186-E5A5473DCAC6}"
EndProject
Project("{FAE04EC0-301F-11D3-BF4B-00C04F79EFBC}") = "1730zanderson2d", "1730zanderson2d\1730zanderson2d.csproj", "{2B7B32C7-B61A-48BE-8475-5DB21E6CF47D}"
EndProject
Project("{FAE04EC0-301F-11D3-BF4B-00C04F79EFBC}") = "1730zanderson2e", "1730zanderson2e\1730zanderson2e.csproj", "{70C68EF2-F37C-43F8-8DDC-B68A0A13B657}"
EndProject
Project("{FAE04EC0-301F-11D3-BF4B-00C04F79EFBC}") = "1730zanderson2eUnitTests", "1730zanderson2eUnitTests\1730zanderson2eUnitTests.csproj", "{99874788-8DFB-4EEE-8452-2F3704F7EE5E}"
EndProject
Project("{FAE04EC0-301F-11D3-BF4B-00C04F79EFBC}") = "1730zanderson2f", "1730zanderson2f\1730zanderson2f.csproj", "{C0E736FB-B602-4B8C-92B8-D7811CF93BDA}"
EndProject
Project("{FAE04EC0-301F-11D3-BF4B-00C04F79EFBC}") = "1730zanderson2fUnitTestProject", "1730zanderson2fUnitTestProject\1730zanderson2fUnitTestProject.csproj", "{59F96A83-B346-43D0-8740-8AC85C921313}"
EndProject
Project("{FAE04EC0-301F-11D3-BF4B-00C04F79EFBC}") = "1730zanderson2g", "1730zanderson2g\1730zanderson2g.csproj", "{A308D812-5935-4A32-B61C-B3C1B87BC356}"
EndProject
Project("{FAE04EC0-301F-11D3-BF4B-00C04F79EFBC}") = "1730zanderson2gUnitTests", "1730zanderson2gUnitTests\1730zanderson2gUnitTests.csproj", "{E886B422-66DC-4B0E-9298-591D5C375331}"
EndProject
Project("{FAE04EC0-301F-11D3-BF4B-00C04F79EFBC}") = "1730zanderson2h", "1730zanderson2h\1730zanderson2h.csproj", "{E76015AB-8F47-48AD-8ED4-8DF12E564B6C}"
EndProject
Project("{FAE04EC0-301F-11D3-BF4B-00C04F79EFBC}") = "1730zanderson2h.Tests", "1730zanderson2h.Tests\1730zanderson2h.Tests.csproj", "{72DC0B66-78B6-4CA8-A71D-D8041B6E8B51}"
EndProject
Project("{FAE04EC0-301F-11D3-BF4B-00C04F79EFBC}") = "1730zanderson3b", "1730zanderson3b\1730zanderson3b.csproj", "{6D782FAA-948B-4E40-A13E-04E6F187958A}"
EndProject
Project("{FAE04EC0-301F-11D3-BF4B-00C04F79EFBC}") = "1730zanderson3bUnitTests", "1730zanderson3bUnitTests\1730zanderson3bUnitTests.csproj", "{3559AB80-3D03-4E5B-9C90-847CCA57EA8B}"
EndProject
Project("{FAE04EC0-301F-11D3-BF4B-00C04F79EFBC}") = "1730zanderson3c", "1730zanderson3c\1730zanderson3c.csproj", "{CC6346A8-98DE-49A0-A689-8E0DF0D2764E}"
EndProject
Project("{FAE04EC0-301F-11D3-BF4B-00C04F79EFBC}") = "1730zanderson3cUnitTests", "1730zanderson3cUnitTests\1730zanderson3cUnitTests.csproj", "{0CAA3AB6-2B70-4071-885E-E192393B881C}"
EndProject
Global
	GlobalSection(SolutionConfigurationPlatforms) = preSolution
		Debug|Any CPU = Debug|Any CPU
		Release|Any CPU = Release|Any CPU
	EndGlobalSection
	GlobalSection(ProjectConfigurationPlatforms) = postSolution
		{4E7637BF-1FBE-4544-91B3-4640861FA8E8}.Debug|Any CPU.ActiveCfg = Debug|Any CPU
		{4E7637BF-1FBE-4544-91B3-4640861FA8E8}.Debug|Any CPU.Build.0 = Debug|Any CPU
		{4E7637BF-1FBE-4544-91B3-4640861FA8E8}.Release|Any CPU.ActiveCfg = Release|Any CPU
		{4E7637BF-1FBE-4544-91B3-4640861FA8E8}.Release|Any CPU.Build.0 = Release|Any CPU
		{AFEFE8D9-F9F2-499E-AF02-11EEC208A11A}.Debug|Any CPU.ActiveCfg = Debug|Any CPU
		{AFEFE8D9-F9F2-499E-AF02-11EEC208A11A}.Debug|Any CPU.Build.0 = Debug|Any CPU
		{AFEFE8D9-F9F2-499E-AF02-11EEC208A11A}.Release|Any CPU.ActiveCfg = Release|Any CPU
		{AFEFE8D9-F9F2-499E-AF02-11EEC208A11A}.Release|Any CPU.Build.0 = Release|Any CPU
		{7E0F0FF8-6558-45C4-A996-5DEA055FA6B6}.Debug|Any CPU.ActiveCfg = Debug|Any CPU
		{7E0F0FF8-6558-45C4-A996-5DEA055FA6B6}.Debug|Any CPU.Build.0 = Debug|Any CPU
		{7E0F0FF8-6558-45C4-A996-5DEA055FA6B6}.Release|Any CPU.ActiveCfg = Release|Any CPU
		{7E0F0FF8-6558-45C4-A996-5DEA055FA6B6}.Release|Any CPU.Build.0 = Release|Any CPU
		{4061C120-BD17-4930-B613-3E777E5461EE}.Debug|Any CPU.ActiveCfg = Debug|Any CPU
		{4061C120-BD17-4930-B613-3E777E5461EE}.Debug|Any CPU.Build.0 = Debug|Any CPU
		{4061C120-BD17-4930-B613-3E777E5461EE}.Release|Any CPU.ActiveCfg = Release|Any CPU
		{4061C120-BD17-4930-B613-3E777E5461EE}.Release|Any CPU.Build.0 = Release|Any CPU
		{8C4D36F5-4455-4A5D-9151-B43ADD060A4B}.Debug|Any CPU.ActiveCfg = Debug|Any CPU
		{8C4D36F5-4455-4A5D-9151-B43ADD060A4B}.Debug|Any CPU.Build.0 = Debug|Any CPU
		{8C4D36F5-4455-4A5D-9151-B43ADD060A4B}.Release|Any CPU.ActiveCfg = Release|Any CPU
		{8C4D36F5-4455-4A5D-9151-B43ADD060A4B}.Release|Any CPU.Build.0 = Release|Any CPU
		{76A4D442-12F8-48F0-8AA6-3B451E57254B}.Debug|Any CPU.ActiveCfg = Debug|Any CPU
		{76A4D442-12F8-48F0-8AA6-3B451E57254B}.Debug|Any CPU.Build.0 = Debug|Any CPU
		{76A4D442-12F8-48F0-8AA6-3B451E57254B}.Release|Any CPU.ActiveCfg = Release|Any CPU
		{76A4D442-12F8-48F0-8AA6-3B451E57254B}.Release|Any CPU.Build.0 = Release|Any CPU
		{4EAECD49-064C-4272-9581-4EB5564B7897}.Debug|Any CPU.ActiveCfg = Debug|Any CPU
		{4EAECD49-064C-4272-9581-4EB5564B7897}.Debug|Any CPU.Build.0 = Debug|Any CPU
		{4EAECD49-064C-4272-9581-4EB5564B7897}.Release|Any CPU.ActiveCfg = Release|Any CPU
		{4EAECD49-064C-4272-9581-4EB5564B7897}.Release|Any CPU.Build.0 = Release|Any CPU
		{043108A7-6F76-4626-A186-E5A5473DCAC6}.Debug|Any CPU.ActiveCfg = Debug|Any CPU
		{043108A7-6F76-4626-A186-E5A5473DCAC6}.Debug|Any CPU.Build.0 = Debug|Any CPU
		{043108A7-6F76-4626-A186-E5A5473DCAC6}.Release|Any CPU.ActiveCfg = Release|Any CPU
		{043108A7-6F76-4626-A186-E5A5473DCAC6}.Release|Any CPU.Build.0 = Release|Any CPU
		{2B7B32C7-B61A-48BE-8475-5DB21E6CF47D}.Debug|Any CPU.ActiveCfg = Debug|Any CPU
		{2B7B32C7-B61A-48BE-8475-5DB21E6CF47D}.Debug|Any CPU.Build.0 = Debug|Any CPU
		{2B7B32C7-B61A-48BE-8475-5DB21E6CF47D}.Release|Any CPU.ActiveCfg = Release|Any CPU
		{2B7B32C7-B61A-48BE-8475-5DB21E6CF47D}.Release|Any CPU.Build.0 = Release|Any CPU
		{70C68EF2-F37C-43F8-8DDC-B68A0A13B657}.Debug|Any CPU.ActiveCfg = Debug|Any CPU
		{70C68EF2-F37C-43F8-8DDC-B68A0A13B657}.Debug|Any CPU.Build.0 = Debug|Any CPU
		{70C68EF2-F37C-43F8-8DDC-B68A0A13B657}.Release|Any CPU.ActiveCfg = Release|Any CPU
		{70C68EF2-F37C-43F8-8DDC-B68A0A13B657}.Release|Any CPU.Build.0 = Release|Any CPU
		{99874788-8DFB-4EEE-8452-2F3704F7EE5E}.Debug|Any CPU.ActiveCfg = Debug|Any CPU
		{99874788-8DFB-4EEE-8452-2F3704F7EE5E}.Debug|Any CPU.Build.0 = Debug|Any CPU
		{99874788-8DFB-4EEE-8452-2F3704F7EE5E}.Release|Any CPU.ActiveCfg = Release|Any CPU
		{99874788-8DFB-4EEE-8452-2F3704F7EE5E}.Release|Any CPU.Build.0 = Release|Any CPU
		{C0E736FB-B602-4B8C-92B8-D7811CF93BDA}.Debug|Any CPU.ActiveCfg = Debug|Any CPU
		{C0E736FB-B602-4B8C-92B8-D7811CF93BDA}.Debug|Any CPU.Build.0 = Debug|Any CPU
		{C0E736FB-B602-4B8C-92B8-D7811CF93BDA}.Release|Any CPU.ActiveCfg = Release|Any CPU
		{C0E736FB-B602-4B8C-92B8-D7811CF93BDA}.Release|Any CPU.Build.0 = Release|Any CPU
		{59F96A83-B346-43D0-8740-8AC85C921313}.Debug|Any CPU.ActiveCfg = Debug|Any CPU
		{59F96A83-B346-43D0-8740-8AC85C921313}.Debug|Any CPU.Build.0 = Debug|Any CPU
		{59F96A83-B346-43D0-8740-8AC85C921313}.Release|Any CPU.ActiveCfg = Release|Any CPU
		{59F96A83-B346-43D0-8740-8AC85C921313}.Release|Any CPU.Build.0 = Release|Any CPU
		{A308D812-5935-4A32-B61C-B3C1B87BC356}.Debug|Any CPU.ActiveCfg = Debug|Any CPU
		{A308D812-5935-4A32-B61C-B3C1B87BC356}.Debug|Any CPU.Build.0 = Debug|Any CPU
		{A308D812-5935-4A32-B61C-B3C1B87BC356}.Release|Any CPU.ActiveCfg = Release|Any CPU
		{A308D812-5935-4A32-B61C-B3C1B87BC356}.Release|Any CPU.Build.0 = Release|Any CPU
		{E886B422-66DC-4B0E-9298-591D5C375331}.Debug|Any CPU.ActiveCfg = Debug|Any CPU
		{E886B422-66DC-4B0E-9298-591D5C375331}.Debug|Any CPU.Build.0 = Debug|Any CPU
		{E886B422-66DC-4B0E-9298-591D5C375331}.Release|Any CPU.ActiveCfg = Release|Any CPU
		{E886B422-66DC-4B0E-9298-591D5C375331}.Release|Any CPU.Build.0 = Release|Any CPU
		{E76015AB-8F47-48AD-8ED4-8DF12E564B6C}.Debug|Any CPU.ActiveCfg = Debug|Any CPU
		{E76015AB-8F47-48AD-8ED4-8DF12E564B6C}.Debug|Any CPU.Build.0 = Debug|Any CPU
		{E76015AB-8F47-48AD-8ED4-8DF12E564B6C}.Release|Any CPU.ActiveCfg = Release|Any CPU
		{E76015AB-8F47-48AD-8ED4-8DF12E564B6C}.Release|Any CPU.Build.0 = Release|Any CPU
		{72DC0B66-78B6-4CA8-A71D-D8041B6E8B51}.Debug|Any CPU.ActiveCfg = Debug|Any CPU
		{72DC0B66-78B6-4CA8-A71D-D8041B6E8B51}.Debug|Any CPU.Build.0 = Debug|Any CPU
		{72DC0B66-78B6-4CA8-A71D-D8041B6E8B51}.Release|Any CPU.ActiveCfg = Release|Any CPU
		{72DC0B66-78B6-4CA8-A71D-D8041B6E8B51}.Release|Any CPU.Build.0 = Release|Any CPU
		{6D782FAA-948B-4E40-A13E-04E6F187958A}.Debug|Any CPU.ActiveCfg = Debug|Any CPU
		{6D782FAA-948B-4E40-A13E-04E6F187958A}.Debug|Any CPU.Build.0 = Debug|Any CPU
		{6D782FAA-948B-4E40-A13E-04E6F187958A}.Release|Any CPU.ActiveCfg = Release|Any CPU
		{6D782FAA-948B-4E40-A13E-04E6F187958A}.Release|Any CPU.Build.0 = Release|Any CPU
		{3559AB80-3D03-4E5B-9C90-847CCA57EA8B}.Debug|Any CPU.ActiveCfg = Debug|Any CPU
		{3559AB80-3D03-4E5B-9C90-847CCA57EA8B}.Debug|Any CPU.Build.0 = Debug|Any CPU
		{3559AB80-3D03-4E5B-9C90-847CCA57EA8B}.Release|Any CPU.ActiveCfg = Release|Any CPU
		{3559AB80-3D03-4E5B-9C90-847CCA57EA8B}.Release|Any CPU.Build.0 = Release|Any CPU
		{CC6346A8-98DE-49A0-A689-8E0DF0D2764E}.Debug|Any CPU.ActiveCfg = Debug|Any CPU
		{CC6346A8-98DE-49A0-A689-8E0DF0D2764E}.Debug|Any CPU.Build.0 = Debug|Any CPU
		{CC6346A8-98DE-49A0-A689-8E0DF0D2764E}.Release|Any CPU.ActiveCfg = Release|Any CPU
		{CC6346A8-98DE-49A0-A689-8E0DF0D2764E}.Release|Any CPU.Build.0 = Release|Any CPU
		{0CAA3AB6-2B70-4071-885E-E192393B881C}.Debug|Any CPU.ActiveCfg = Debug|Any CPU
		{0CAA3AB6-2B70-4071-885E-E192393B881C}.Debug|Any CPU.Build.0 = Debug|Any CPU
		{0CAA3AB6-2B70-4071-885E-E192393B881C}.Release|Any CPU.ActiveCfg = Release|Any CPU
		{0CAA3AB6-2B70-4071-885E-E192393B881C}.Release|Any CPU.Build.0 = Release|Any CPU
	EndGlobalSection
	GlobalSection(SolutionProperties) = preSolution
		HideSolutionNode = FALSE
	EndGlobalSection
	GlobalSection(ExtensibilityGlobals) = postSolution
		SolutionGuid = {7E135EF8-3555-4CAD-9C12-CE742A8A403D}
	EndGlobalSection
EndGlobal
